// !$*UTF8*$!
{
	archiveVersion = 1;
	classes = {
	};
	objectVersion = 48;
	objects = {

/* Begin PBXBuildFile section */
		6420B852D02FA9FE134256DD /* libPods-wip.a in Frameworks */ = {isa = PBXBuildFile; fileRef = EC4BC242EE1CDCA9A1208C97 /* libPods-wip.a */; };
		7CB4281D1FFBCD1F0023938F /* HeaderCollectionReusableView.m in Sources */ = {isa = PBXBuildFile; fileRef = 7CB4281C1FFBCD1F0023938F /* HeaderCollectionReusableView.m */; };
		7CC2E2461FFBC28A0090C4BA /* AppDelegate.m in Sources */ = {isa = PBXBuildFile; fileRef = 7CC2E2451FFBC28A0090C4BA /* AppDelegate.m */; };
		7CC2E2491FFBC28A0090C4BA /* ViewController.m in Sources */ = {isa = PBXBuildFile; fileRef = 7CC2E2481FFBC28A0090C4BA /* ViewController.m */; };
		7CC2E24C1FFBC28A0090C4BA /* Main.storyboard in Resources */ = {isa = PBXBuildFile; fileRef = 7CC2E24A1FFBC28A0090C4BA /* Main.storyboard */; };
		7CC2E24E1FFBC28A0090C4BA /* Assets.xcassets in Resources */ = {isa = PBXBuildFile; fileRef = 7CC2E24D1FFBC28A0090C4BA /* Assets.xcassets */; };
		7CC2E2511FFBC28A0090C4BA /* LaunchScreen.storyboard in Resources */ = {isa = PBXBuildFile; fileRef = 7CC2E24F1FFBC28A0090C4BA /* LaunchScreen.storyboard */; };
		7CC2E2541FFBC28A0090C4BA /* main.m in Sources */ = {isa = PBXBuildFile; fileRef = 7CC2E2531FFBC28A0090C4BA /* main.m */; };
		7CC4EF751FFCD62E00548EBE /* DateCollectionViewCell.m in Sources */ = {isa = PBXBuildFile; fileRef = 7CC4EF741FFCD62E00548EBE /* DateCollectionViewCell.m */; };
		9D6B74F01FFE0FC1007F252E /* CustomCollectionViewFlowLayout.m in Sources */ = {isa = PBXBuildFile; fileRef = 9D6B74EF1FFE0FC1007F252E /* CustomCollectionViewFlowLayout.m */; };
/* End PBXBuildFile section */

/* Begin PBXFileReference section */
		7CB4281B1FFBCD1F0023938F /* HeaderCollectionReusableView.h */ = {isa = PBXFileReference; lastKnownFileType = sourcecode.c.h; path = HeaderCollectionReusableView.h; sourceTree = "<group>"; };
		7CB4281C1FFBCD1F0023938F /* HeaderCollectionReusableView.m */ = {isa = PBXFileReference; lastKnownFileType = sourcecode.c.objc; path = HeaderCollectionReusableView.m; sourceTree = "<group>"; };
		7CC2E2411FFBC28A0090C4BA /* wip.app */ = {isa = PBXFileReference; explicitFileType = wrapper.application; includeInIndex = 0; path = wip.app; sourceTree = BUILT_PRODUCTS_DIR; };
		7CC2E2441FFBC28A0090C4BA /* AppDelegate.h */ = {isa = PBXFileReference; lastKnownFileType = sourcecode.c.h; path = AppDelegate.h; sourceTree = "<group>"; };
		7CC2E2451FFBC28A0090C4BA /* AppDelegate.m */ = {isa = PBXFileReference; lastKnownFileType = sourcecode.c.objc; path = AppDelegate.m; sourceTree = "<group>"; };
		7CC2E2471FFBC28A0090C4BA /* ViewController.h */ = {isa = PBXFileReference; lastKnownFileType = sourcecode.c.h; path = ViewController.h; sourceTree = "<group>"; };
		7CC2E2481FFBC28A0090C4BA /* ViewController.m */ = {isa = PBXFileReference; lastKnownFileType = sourcecode.c.objc; path = ViewController.m; sourceTree = "<group>"; };
		7CC2E24B1FFBC28A0090C4BA /* Base */ = {isa = PBXFileReference; lastKnownFileType = file.storyboard; name = Base; path = Base.lproj/Main.storyboard; sourceTree = "<group>"; };
		7CC2E24D1FFBC28A0090C4BA /* Assets.xcassets */ = {isa = PBXFileReference; lastKnownFileType = folder.assetcatalog; path = Assets.xcassets; sourceTree = "<group>"; };
		7CC2E2501FFBC28A0090C4BA /* Base */ = {isa = PBXFileReference; lastKnownFileType = file.storyboard; name = Base; path = Base.lproj/LaunchScreen.storyboard; sourceTree = "<group>"; };
		7CC2E2521FFBC28A0090C4BA /* Info.plist */ = {isa = PBXFileReference; lastKnownFileType = text.plist.xml; path = Info.plist; sourceTree = "<group>"; };
		7CC2E2531FFBC28A0090C4BA /* main.m */ = {isa = PBXFileReference; lastKnownFileType = sourcecode.c.objc; path = main.m; sourceTree = "<group>"; };
		7CC4EF731FFCD62E00548EBE /* DateCollectionViewCell.h */ = {isa = PBXFileReference; lastKnownFileType = sourcecode.c.h; path = DateCollectionViewCell.h; sourceTree = "<group>"; };
		7CC4EF741FFCD62E00548EBE /* DateCollectionViewCell.m */ = {isa = PBXFileReference; lastKnownFileType = sourcecode.c.objc; path = DateCollectionViewCell.m; sourceTree = "<group>"; };
		9D6B74EE1FFE0FC1007F252E /* CustomCollectionViewFlowLayout.h */ = {isa = PBXFileReference; lastKnownFileType = sourcecode.c.h; path = CustomCollectionViewFlowLayout.h; sourceTree = "<group>"; };
		9D6B74EF1FFE0FC1007F252E /* CustomCollectionViewFlowLayout.m */ = {isa = PBXFileReference; lastKnownFileType = sourcecode.c.objc; path = CustomCollectionViewFlowLayout.m; sourceTree = "<group>"; };
		B1ADEE8DD4BAB005B22B9BED /* Pods-wip.release.xcconfig */ = {isa = PBXFileReference; includeInIndex = 1; lastKnownFileType = text.xcconfig; name = "Pods-wip.release.xcconfig"; path = "Pods/Target Support Files/Pods-wip/Pods-wip.release.xcconfig"; sourceTree = "<group>"; };
		D77B48066D386D98FEF9A13D /* Pods-wip.debug.xcconfig */ = {isa = PBXFileReference; includeInIndex = 1; lastKnownFileType = text.xcconfig; name = "Pods-wip.debug.xcconfig"; path = "Pods/Target Support Files/Pods-wip/Pods-wip.debug.xcconfig"; sourceTree = "<group>"; };
		EC4BC242EE1CDCA9A1208C97 /* libPods-wip.a */ = {isa = PBXFileReference; explicitFileType = archive.ar; includeInIndex = 0; path = "libPods-wip.a"; sourceTree = BUILT_PRODUCTS_DIR; };
/* End PBXFileReference section */

/* Begin PBXFrameworksBuildPhase section */
		7CC2E23E1FFBC28A0090C4BA /* Frameworks */ = {
			isa = PBXFrameworksBuildPhase;
			buildActionMask = 2147483647;
			files = (
				6420B852D02FA9FE134256DD /* libPods-wip.a in Frameworks */,
			);
			runOnlyForDeploymentPostprocessing = 0;
		};
/* End PBXFrameworksBuildPhase section */

/* Begin PBXGroup section */
		7C4BD3F3C542600F12C7B552 /* Pods */ = {
			isa = PBXGroup;
			children = (
				D77B48066D386D98FEF9A13D /* Pods-wip.debug.xcconfig */,
				B1ADEE8DD4BAB005B22B9BED /* Pods-wip.release.xcconfig */,
			);
			name = Pods;
			sourceTree = "<group>";
		};
		7CC2E2381FFBC28A0090C4BA = {
			isa = PBXGroup;
			children = (
				7CC2E2431FFBC28A0090C4BA /* wip */,
				7CC2E2421FFBC28A0090C4BA /* Products */,
				7C4BD3F3C542600F12C7B552 /* Pods */,
				93AA94A169C6F3D7E09E0CB4 /* Frameworks */,
			);
			sourceTree = "<group>";
		};
		7CC2E2421FFBC28A0090C4BA /* Products */ = {
			isa = PBXGroup;
			children = (
				7CC2E2411FFBC28A0090C4BA /* wip.app */,
			);
			name = Products;
			sourceTree = "<group>";
		};
		7CC2E2431FFBC28A0090C4BA /* wip */ = {
			isa = PBXGroup;
			children = (
				7CC2E2441FFBC28A0090C4BA /* AppDelegate.h */,
				7CC2E2451FFBC28A0090C4BA /* AppDelegate.m */,
				7CC2E2471FFBC28A0090C4BA /* ViewController.h */,
				7CC2E2481FFBC28A0090C4BA /* ViewController.m */,
				7CC2E24A1FFBC28A0090C4BA /* Main.storyboard */,
				7CC2E24D1FFBC28A0090C4BA /* Assets.xcassets */,
				7CC2E24F1FFBC28A0090C4BA /* LaunchScreen.storyboard */,
				7CC2E2521FFBC28A0090C4BA /* Info.plist */,
				7CC2E2531FFBC28A0090C4BA /* main.m */,
				7CB4281B1FFBCD1F0023938F /* HeaderCollectionReusableView.h */,
				7CB4281C1FFBCD1F0023938F /* HeaderCollectionReusableView.m */,
				7CC4EF731FFCD62E00548EBE /* DateCollectionViewCell.h */,
				7CC4EF741FFCD62E00548EBE /* DateCollectionViewCell.m */,
				9D6B74EE1FFE0FC1007F252E /* CustomCollectionViewFlowLayout.h */,
				9D6B74EF1FFE0FC1007F252E /* CustomCollectionViewFlowLayout.m */,
			);
			path = wip;
			sourceTree = "<group>";
		};
		93AA94A169C6F3D7E09E0CB4 /* Frameworks */ = {
			isa = PBXGroup;
			children = (
				EC4BC242EE1CDCA9A1208C97 /* libPods-wip.a */,
			);
			name = Frameworks;
			sourceTree = "<group>";
		};
/* End PBXGroup section */

/* Begin PBXNativeTarget section */
		7CC2E2401FFBC28A0090C4BA /* wip */ = {
			isa = PBXNativeTarget;
			buildConfigurationList = 7CC2E2571FFBC28A0090C4BA /* Build configuration list for PBXNativeTarget "wip" */;
			buildPhases = (
				C09E906ACB6836F7D927603D /* [CP] Check Pods Manifest.lock */,
				7CC2E23D1FFBC28A0090C4BA /* Sources */,
				7CC2E23E1FFBC28A0090C4BA /* Frameworks */,
				7CC2E23F1FFBC28A0090C4BA /* Resources */,
				66BD1EAD9F0272A42A57949B /* [CP] Embed Pods Frameworks */,
				71ACDE1FA3F7F749E126C5EF /* [CP] Copy Pods Resources */,
			);
			buildRules = (
			);
			dependencies = (
			);
			name = wip;
			productName = wip;
			productReference = 7CC2E2411FFBC28A0090C4BA /* wip.app */;
			productType = "com.apple.product-type.application";
		};
/* End PBXNativeTarget section */

/* Begin PBXProject section */
		7CC2E2391FFBC28A0090C4BA /* Project object */ = {
			isa = PBXProject;
			attributes = {
				LastUpgradeCheck = 0920;
				ORGANIZATIONNAME = Christopher;
				TargetAttributes = {
					7CC2E2401FFBC28A0090C4BA = {
						CreatedOnToolsVersion = 9.2;
						ProvisioningStyle = Automatic;
					};
				};
			};
			buildConfigurationList = 7CC2E23C1FFBC28A0090C4BA /* Build configuration list for PBXProject "wip" */;
			compatibilityVersion = "Xcode 8.0";
			developmentRegion = en;
			hasScannedForEncodings = 0;
			knownRegions = (
				en,
				Base,
			);
			mainGroup = 7CC2E2381FFBC28A0090C4BA;
			productRefGroup = 7CC2E2421FFBC28A0090C4BA /* Products */;
			projectDirPath = "";
			projectRoot = "";
			targets = (
				7CC2E2401FFBC28A0090C4BA /* wip */,
			);
		};
/* End PBXProject section */

/* Begin PBXResourcesBuildPhase section */
		7CC2E23F1FFBC28A0090C4BA /* Resources */ = {
			isa = PBXResourcesBuildPhase;
			buildActionMask = 2147483647;
			files = (
				7CC2E2511FFBC28A0090C4BA /* LaunchScreen.storyboard in Resources */,
				7CC2E24E1FFBC28A0090C4BA /* Assets.xcassets in Resources */,
				7CC2E24C1FFBC28A0090C4BA /* Main.storyboard in Resources */,
			);
			runOnlyForDeploymentPostprocessing = 0;
		};
/* End PBXResourcesBuildPhase section */

/* Begin PBXShellScriptBuildPhase section */
		66BD1EAD9F0272A42A57949B /* [CP] Embed Pods Frameworks */ = {
			isa = PBXShellScriptBuildPhase;
			buildActionMask = 2147483647;
			files = (
			);
			inputPaths = (
			);
			name = "[CP] Embed Pods Frameworks";
			outputPaths = (
			);
			runOnlyForDeploymentPostprocessing = 0;
			shellPath = /bin/sh;
			shellScript = "\"${SRCROOT}/Pods/Target Support Files/Pods-wip/Pods-wip-frameworks.sh\"\n";
			showEnvVarsInLog = 0;
		};
		71ACDE1FA3F7F749E126C5EF /* [CP] Copy Pods Resources */ = {
			isa = PBXShellScriptBuildPhase;
			buildActionMask = 2147483647;
			files = (
			);
			inputPaths = (
				"${SRCROOT}/Pods/Target Support Files/Pods-wip/Pods-wip-resources.sh",
				"${PODS_ROOT}/DateTools/DateTools/DateTools/DateTools.bundle",
			);
			name = "[CP] Copy Pods Resources";
			outputPaths = (
				"${TARGET_BUILD_DIR}/${UNLOCALIZED_RESOURCES_FOLDER_PATH}",
			);
			runOnlyForDeploymentPostprocessing = 0;
			shellPath = /bin/sh;
			shellScript = "\"${SRCROOT}/Pods/Target Support Files/Pods-wip/Pods-wip-resources.sh\"\n";
			showEnvVarsInLog = 0;
		};
		C09E906ACB6836F7D927603D /* [CP] Check Pods Manifest.lock */ = {
			isa = PBXShellScriptBuildPhase;
			buildActionMask = 2147483647;
			files = (
			);
			inputPaths = (
				"${PODS_PODFILE_DIR_PATH}/Podfile.lock",
				"${PODS_ROOT}/Manifest.lock",
			);
			name = "[CP] Check Pods Manifest.lock";
			outputPaths = (
				"$(DERIVED_FILE_DIR)/Pods-wip-checkManifestLockResult.txt",
			);
			runOnlyForDeploymentPostprocessing = 0;
			shellPath = /bin/sh;
			shellScript = "diff \"${PODS_PODFILE_DIR_PATH}/Podfile.lock\" \"${PODS_ROOT}/Manifest.lock\" > /dev/null\nif [ $? != 0 ] ; then\n    # print error to STDERR\n    echo \"error: The sandbox is not in sync with the Podfile.lock. Run 'pod install' or update your CocoaPods installation.\" >&2\n    exit 1\nfi\n# This output is used by Xcode 'outputs' to avoid re-running this script phase.\necho \"SUCCESS\" > \"${SCRIPT_OUTPUT_FILE_0}\"\n";
			showEnvVarsInLog = 0;
		};
/* End PBXShellScriptBuildPhase section */

/* Begin PBXSourcesBuildPhase section */
		7CC2E23D1FFBC28A0090C4BA /* Sources */ = {
			isa = PBXSourcesBuildPhase;
			buildActionMask = 2147483647;
			files = (
				7CB4281D1FFBCD1F0023938F /* HeaderCollectionReusableView.m in Sources */,
				7CC2E2491FFBC28A0090C4BA /* ViewController.m in Sources */,
				7CC2E2541FFBC28A0090C4BA /* main.m in Sources */,
				7CC2E2461FFBC28A0090C4BA /* AppDelegate.m in Sources */,
				9D6B74F01FFE0FC1007F252E /* CustomCollectionViewFlowLayout.m in Sources */,
				7CC4EF751FFCD62E00548EBE /* DateCollectionViewCell.m in Sources */,
			);
			runOnlyForDeploymentPostprocessing = 0;
		};
/* End PBXSourcesBuildPhase section */

/* Begin PBXVariantGroup section */
		7CC2E24A1FFBC28A0090C4BA /* Main.storyboard */ = {
			isa = PBXVariantGroup;
			children = (
				7CC2E24B1FFBC28A0090C4BA /* Base */,
			);
			name = Main.storyboard;
			sourceTree = "<group>";
		};
		7CC2E24F1FFBC28A0090C4BA /* LaunchScreen.storyboard */ = {
			isa = PBXVariantGroup;
			children = (
				7CC2E2501FFBC28A0090C4BA /* Base */,
			);
			name = LaunchScreen.storyboard;
			sourceTree = "<group>";
		};
/* End PBXVariantGroup section */

/* Begin XCBuildConfiguration section */
		7CC2E2551FFBC28A0090C4BA /* Debug */ = {
			isa = XCBuildConfiguration;
			buildSettings = {
				ALWAYS_SEARCH_USER_PATHS = NO;
				CLANG_ANALYZER_NONNULL = YES;
				CLANG_ANALYZER_NUMBER_OBJECT_CONVERSION = YES_AGGRESSIVE;
				CLANG_CXX_LANGUAGE_STANDARD = "gnu++14";
				CLANG_CXX_LIBRARY = "libc++";
				CLANG_ENABLE_MODULES = YES;
				CLANG_ENABLE_OBJC_ARC = YES;
				CLANG_WARN_BLOCK_CAPTURE_AUTORELEASING = YES;
				CLANG_WARN_BOOL_CONVERSION = YES;
				CLANG_WARN_COMMA = YES;
				CLANG_WARN_CONSTANT_CONVERSION = YES;
				CLANG_WARN_DIRECT_OBJC_ISA_USAGE = YES_ERROR;
				CLANG_WARN_DOCUMENTATION_COMMENTS = YES;
				CLANG_WARN_EMPTY_BODY = YES;
				CLANG_WARN_ENUM_CONVERSION = YES;
				CLANG_WARN_INFINITE_RECURSION = YES;
				CLANG_WARN_INT_CONVERSION = YES;
				CLANG_WARN_NON_LITERAL_NULL_CONVERSION = YES;
				CLANG_WARN_OBJC_LITERAL_CONVERSION = YES;
				CLANG_WARN_OBJC_ROOT_CLASS = YES_ERROR;
				CLANG_WARN_RANGE_LOOP_ANALYSIS = YES;
				CLANG_WARN_STRICT_PROTOTYPES = YES;
				CLANG_WARN_SUSPICIOUS_MOVE = YES;
				CLANG_WARN_UNGUARDED_AVAILABILITY = YES_AGGRESSIVE;
				CLANG_WARN_UNREACHABLE_CODE = YES;
				CLANG_WARN__DUPLICATE_METHOD_MATCH = YES;
				CODE_SIGN_IDENTITY = "iPhone Developer";
				COPY_PHASE_STRIP = NO;
				DEBUG_INFORMATION_FORMAT = dwarf;
				ENABLE_STRICT_OBJC_MSGSEND = YES;
				ENABLE_TESTABILITY = YES;
				GCC_C_LANGUAGE_STANDARD = gnu11;
				GCC_DYNAMIC_NO_PIC = NO;
				GCC_NO_COMMON_BLOCKS = YES;
				GCC_OPTIMIZATION_LEVEL = 0;
				GCC_PREPROCESSOR_DEFINITIONS = (
					"DEBUG=1",
					"$(inherited)",
				);
				GCC_WARN_64_TO_32_BIT_CONVERSION = YES;
				GCC_WARN_ABOUT_RETURN_TYPE = YES_ERROR;
				GCC_WARN_UNDECLARED_SELECTOR = YES;
				GCC_WARN_UNINITIALIZED_AUTOS = YES_AGGRESSIVE;
				GCC_WARN_UNUSED_FUNCTION = YES;
				GCC_WARN_UNUSED_VARIABLE = YES;
				IPHONEOS_DEPLOYMENT_TARGET = 11.2;
				MTL_ENABLE_DEBUG_INFO = YES;
				ONLY_ACTIVE_ARCH = YES;
				SDKROOT = iphoneos;
			};
			name = Debug;
		};
		7CC2E2561FFBC28A0090C4BA /* Release */ = {
			isa = XCBuildConfiguration;
			buildSettings = {
				ALWAYS_SEARCH_USER_PATHS = NO;
				CLANG_ANALYZER_NONNULL = YES;
				CLANG_ANALYZER_NUMBER_OBJECT_CONVERSION = YES_AGGRESSIVE;
				CLANG_CXX_LANGUAGE_STANDARD = "gnu++14";
				CLANG_CXX_LIBRARY = "libc++";
				CLANG_ENABLE_MODULES = YES;
				CLANG_ENABLE_OBJC_ARC = YES;
				CLANG_WARN_BLOCK_CAPTURE_AUTORELEASING = YES;
				CLANG_WARN_BOOL_CONVERSION = YES;
				CLANG_WARN_COMMA = YES;
				CLANG_WARN_CONSTANT_CONVERSION = YES;
				CLANG_WARN_DIRECT_OBJC_ISA_USAGE = YES_ERROR;
				CLANG_WARN_DOCUMENTATION_COMMENTS = YES;
				CLANG_WARN_EMPTY_BODY = YES;
				CLANG_WARN_ENUM_CONVERSION = YES;
				CLANG_WARN_INFINITE_RECURSION = YES;
				CLANG_WARN_INT_CONVERSION = YES;
				CLANG_WARN_NON_LITERAL_NULL_CONVERSION = YES;
				CLANG_WARN_OBJC_LITERAL_CONVERSION = YES;
				CLANG_WARN_OBJC_ROOT_CLASS = YES_ERROR;
				CLANG_WARN_RANGE_LOOP_ANALYSIS = YES;
				CLANG_WARN_STRICT_PROTOTYPES = YES;
				CLANG_WARN_SUSPICIOUS_MOVE = YES;
				CLANG_WARN_UNGUARDED_AVAILABILITY = YES_AGGRESSIVE;
				CLANG_WARN_UNREACHABLE_CODE = YES;
				CLANG_WARN__DUPLICATE_METHOD_MATCH = YES;
				CODE_SIGN_IDENTITY = "iPhone Developer";
				COPY_PHASE_STRIP = NO;
				DEBUG_INFORMATION_FORMAT = "dwarf-with-dsym";
				ENABLE_NS_ASSERTIONS = NO;
				ENABLE_STRICT_OBJC_MSGSEND = YES;
				GCC_C_LANGUAGE_STANDARD = gnu11;
				GCC_NO_COMMON_BLOCKS = YES;
				GCC_WARN_64_TO_32_BIT_CONVERSION = YES;
				GCC_WARN_ABOUT_RETURN_TYPE = YES_ERROR;
				GCC_WARN_UNDECLARED_SELECTOR = YES;
				GCC_WARN_UNINITIALIZED_AUTOS = YES_AGGRESSIVE;
				GCC_WARN_UNUSED_FUNCTION = YES;
				GCC_WARN_UNUSED_VARIABLE = YES;
				IPHONEOS_DEPLOYMENT_TARGET = 11.2;
				MTL_ENABLE_DEBUG_INFO = NO;
				SDKROOT = iphoneos;
				VALIDATE_PRODUCT = YES;
			};
			name = Release;
		};
		7CC2E2581FFBC28A0090C4BA /* Debug */ = {
			isa = XCBuildConfiguration;
			baseConfigurationReference = D77B48066D386D98FEF9A13D /* Pods-wip.debug.xcconfig */;
			buildSettings = {
				ASSETCATALOG_COMPILER_APPICON_NAME = AppIcon;
				CODE_SIGN_STYLE = Automatic;
				INFOPLIST_FILE = wip/Info.plist;
				LD_RUNPATH_SEARCH_PATHS = "$(inherited) @executable_path/Frameworks";
				PRODUCT_BUNDLE_IDENTIFIER = christopher.dev.wip;
				PRODUCT_NAME = "$(TARGET_NAME)";
				TARGETED_DEVICE_FAMILY = "1,2";
			};
			name = Debug;
		};
		7CC2E2591FFBC28A0090C4BA /* Release */ = {
			isa = XCBuildConfiguration;
			baseConfigurationReference = B1ADEE8DD4BAB005B22B9BED /* Pods-wip.release.xcconfig */;
			buildSettings = {
				ASSETCATALOG_COMPILER_APPICON_NAME = AppIcon;
				CODE_SIGN_STYLE = Automatic;
				INFOPLIST_FILE = wip/Info.plist;
				LD_RUNPATH_SEARCH_PATHS = "$(inherited) @executable_path/Frameworks";
				PRODUCT_BUNDLE_IDENTIFIER = christopher.dev.wip;
				PRODUCT_NAME = "$(TARGET_NAME)";
				TARGETED_DEVICE_FAMILY = "1,2";
			};
			name = Release;
		};
/* End XCBuildConfiguration section */

/* Begin XCConfigurationList section */
		7CC2E23C1FFBC28A0090C4BA /* Build configuration list for PBXProject "wip" */ = {
			isa = XCConfigurationList;
			buildConfigurations = (
				7CC2E2551FFBC28A0090C4BA /* Debug */,
				7CC2E2561FFBC28A0090C4BA /* Release */,
			);
			defaultConfigurationIsVisible = 0;
			defaultConfigurationName = Release;
		};
		7CC2E2571FFBC28A0090C4BA /* Build configuration list for PBXNativeTarget "wip" */ = {
			isa = XCConfigurationList;
			buildConfigurations = (
				7CC2E2581FFBC28A0090C4BA /* Debug */,
				7CC2E2591FFBC28A0090C4BA /* Release */,
			);
			defaultConfigurationIsVisible = 0;
			defaultConfigurationName = Release;
		};
/* End XCConfigurationList section */
	};
	rootObject = 7CC2E2391FFBC28A0090C4BA /* Project object */;
}
